
Microsoft Visual Studio Solution File, Format Version 12.00
# Visual Studio Version 17
VisualStudioVersion = 17.8.34330.188
MinimumVisualStudioVersion = 10.0.40219.1
Project("{FAE04EC0-301F-11D3-BF4B-00C04F79EFBC}") = "AplikacjaDesktop", "AplikacjaDesktop\AplikacjaDesktop.csproj", "{F95A362A-4383-4A29-98E1-055A3B031716}"
EndProject
Global
	GlobalSection(SolutionConfigurationPlatforms) = preSolution
		Debug|Any CPU = Debug|Any CPU
		Release|Any CPU = Release|Any CPU
	EndGlobalSection
	GlobalSection(ProjectConfigurationPlatforms) = postSolution
		{F95A362A-4383-4A29-98E1-055A3B031716}.Debug|Any CPU.ActiveCfg = Debug|Any CPU
		{F95A362A-4383-4A29-98E1-055A3B031716}.Debug|Any CPU.Build.0 = Debug|Any CPU
		{F95A362A-4383-4A29-98E1-055A3B031716}.Release|Any CPU.ActiveCfg = Release|Any CPU
		{F95A362A-4383-4A29-98E1-055A3B031716}.Release|Any CPU.Build.0 = Release|Any CPU
	EndGlobalSection
	GlobalSection(SolutionProperties) = preSolution
		HideSolutionNode = FALSE
	EndGlobalSection
	GlobalSection(ExtensibilityGlobals) = postSolution
		SolutionGuid = {DA291B55-2B39-4B45-B76A-9D8B652D38BE}
	EndGlobalSection
EndGlobal
